// !$*UTF8*$!
{
	archiveVersion = 1;
	classes = {
	};
	objectVersion = 46;
	objects = {

/* Begin PBXBuildFile section */
		4AEB35711C73F172004F88E0 /* needle.png in Resources */ = {isa = PBXBuildFile; fileRef = 4AEB356F1C73F172004F88E0 /* needle.png */; };
		4AEB35721C73F172004F88E0 /* roulette.png in Resources */ = {isa = PBXBuildFile; fileRef = 4AEB35701C73F172004F88E0 /* roulette.png */; };
		557D6D5C1C89913800BEDE68 /* chance_b.png in Resources */ = {isa = PBXBuildFile; fileRef = 557D6D581C89913800BEDE68 /* chance_b.png */; };
		557D6D5D1C89913800BEDE68 /* chance_fc.png in Resources */ = {isa = PBXBuildFile; fileRef = 557D6D591C89913800BEDE68 /* chance_fc.png */; };
		557D6D5E1C89913800BEDE68 /* chance_goal.png in Resources */ = {isa = PBXBuildFile; fileRef = 557D6D5A1C89913800BEDE68 /* chance_goal.png */; };
		557D6D5F1C89913800BEDE68 /* chance_r.png in Resources */ = {isa = PBXBuildFile; fileRef = 557D6D5B1C89913800BEDE68 /* chance_r.png */; };
		557D6D631C89B28400BEDE68 /* chance_arrow.png in Resources */ = {isa = PBXBuildFile; fileRef = 557D6D621C89B28400BEDE68 /* chance_arrow.png */; };
		55CA3A8A1C70E36E00A494F1 /* ResourcePath.mm in Sources */ = {isa = PBXBuildFile; fileRef = 55CA3A891C70E36E00A494F1 /* ResourcePath.mm */; };
		55CA3A8D1C70E36E00A494F1 /* main.cpp in Sources */ = {isa = PBXBuildFile; fileRef = 55CA3A8C1C70E36E00A494F1 /* main.cpp */; };
		55CA3AB61C71196900A494F1 /* ball.png in Resources */ = {isa = PBXBuildFile; fileRef = 55CA3A9C1C71196900A494F1 /* ball.png */; };
		55CA3AB71C71196900A494F1 /* card_chutar_b.png in Resources */ = {isa = PBXBuildFile; fileRef = 55CA3A9D1C71196900A494F1 /* card_chutar_b.png */; };
		55CA3AB81C71196900A494F1 /* card_defender_r.png in Resources */ = {isa = PBXBuildFile; fileRef = 55CA3A9E1C71196900A494F1 /* card_defender_r.png */; };
		55CA3AB91C71196900A494F1 /* card_driblar_b.png in Resources */ = {isa = PBXBuildFile; fileRef = 55CA3A9F1C71196900A494F1 /* card_driblar_b.png */; };
		55CA3ABA1C71196900A494F1 /* card_mover_b.png in Resources */ = {isa = PBXBuildFile; fileRef = 55CA3AA01C71196900A494F1 /* card_mover_b.png */; };
		55CA3ABB1C71196900A494F1 /* card_mover_r.png in Resources */ = {isa = PBXBuildFile; fileRef = 55CA3AA11C71196900A494F1 /* card_mover_r.png */; };
		55CA3ABC1C71196900A494F1 /* card_passar_r.png in Resources */ = {isa = PBXBuildFile; fileRef = 55CA3AA21C71196900A494F1 /* card_passar_r.png */; };
		55CA3ABD1C71196900A494F1 /* card_roubar_r.png in Resources */ = {isa = PBXBuildFile; fileRef = 55CA3AA31C71196900A494F1 /* card_roubar_r.png */; };
		55CA3ABE1C71196900A494F1 /* card_tocar_b.png in Resources */ = {isa = PBXBuildFile; fileRef = 55CA3AA41C71196900A494F1 /* card_tocar_b.png */; };
		55CA3ABF1C71196900A494F1 /* cursorhelper_invalid.png in Resources */ = {isa = PBXBuildFile; fileRef = 55CA3AA51C71196900A494F1 /* cursorhelper_invalid.png */; };
		55CA3AC01C71196900A494F1 /* fieldcard_blank.png in Resources */ = {isa = PBXBuildFile; fileRef = 55CA3AA61C71196900A494F1 /* fieldcard_blank.png */; };
		55CA3AC11C71196900A494F1 /* fieldcard_cc.png in Resources */ = {isa = PBXBuildFile; fileRef = 55CA3AA71C71196900A494F1 /* fieldcard_cc.png */; };
		55CA3AC21C71196900A494F1 /* fieldcard_cd.png in Resources */ = {isa = PBXBuildFile; fileRef = 55CA3AA81C71196900A494F1 /* fieldcard_cd.png */; };
		55CA3AC31C71196900A494F1 /* fieldcard_cu.png in Resources */ = {isa = PBXBuildFile; fileRef = 55CA3AA91C71196900A494F1 /* fieldcard_cu.png */; };
		55CA3AC41C71196900A494F1 /* fieldcard_d.png in Resources */ = {isa = PBXBuildFile; fileRef = 55CA3AAA1C71196900A494F1 /* fieldcard_d.png */; };
		55CA3AC51C71196900A494F1 /* fieldcard_lc.png in Resources */ = {isa = PBXBuildFile; fileRef = 55CA3AAB1C71196900A494F1 /* fieldcard_lc.png */; };
		55CA3AC61C71196900A494F1 /* fieldcard_ld.png in Resources */ = {isa = PBXBuildFile; fileRef = 55CA3AAC1C71196900A494F1 /* fieldcard_ld.png */; };
		55CA3AC71C71196900A494F1 /* fieldcard_lu.png in Resources */ = {isa = PBXBuildFile; fileRef = 55CA3AAD1C71196900A494F1 /* fieldcard_lu.png */; };
		55CA3AC81C71196900A494F1 /* fieldcard_rc.png in Resources */ = {isa = PBXBuildFile; fileRef = 55CA3AAE1C71196900A494F1 /* fieldcard_rc.png */; };
		55CA3AC91C71196900A494F1 /* fieldcard_rd.png in Resources */ = {isa = PBXBuildFile; fileRef = 55CA3AAF1C71196900A494F1 /* fieldcard_rd.png */; };
		55CA3ACA1C71196900A494F1 /* fieldcard_ru.png in Resources */ = {isa = PBXBuildFile; fileRef = 55CA3AB01C71196900A494F1 /* fieldcard_ru.png */; };
		55CA3ACB1C71196900A494F1 /* fieldcard_u.png in Resources */ = {isa = PBXBuildFile; fileRef = 55CA3AB11C71196900A494F1 /* fieldcard_u.png */; };
		55CA3ACC1C71196900A494F1 /* player_b.png in Resources */ = {isa = PBXBuildFile; fileRef = 55CA3AB21C71196900A494F1 /* player_b.png */; };
		55CA3ACD1C71196900A494F1 /* player_r.png in Resources */ = {isa = PBXBuildFile; fileRef = 55CA3AB31C71196900A494F1 /* player_r.png */; };
		55CA3ACE1C71196900A494F1 /* playerhalo_b.png in Resources */ = {isa = PBXBuildFile; fileRef = 55CA3AB41C71196900A494F1 /* playerhalo_b.png */; };
		55CA3ACF1C71196900A494F1 /* playerhalo_r.png in Resources */ = {isa = PBXBuildFile; fileRef = 55CA3AB51C71196900A494F1 /* playerhalo_r.png */; };
		55CA3AD21C711D6300A494F1 /* Game.cpp in Sources */ = {isa = PBXBuildFile; fileRef = 55CA3AD01C711D6300A494F1 /* Game.cpp */; };
		55CA3AD61C71205C00A494F1 /* TextureManager.cpp in Sources */ = {isa = PBXBuildFile; fileRef = 55CA3AD41C71205C00A494F1 /* TextureManager.cpp */; };
		55CA3AD91C712C9600A494F1 /* PlayingState.cpp in Sources */ = {isa = PBXBuildFile; fileRef = 55CA3AD71C712C9600A494F1 /* PlayingState.cpp */; };
		55CA3ADC1C714B1500A494F1 /* inconsolata.otf in Resources */ = {isa = PBXBuildFile; fileRef = 55CA3ADB1C714B1500A494F1 /* inconsolata.otf */; };
/* End PBXBuildFile section */

/* Begin PBXFileReference section */
		4AEB356F1C73F172004F88E0 /* needle.png */ = {isa = PBXFileReference; lastKnownFileType = image.png; name = needle.png; path = resources/needle.png; sourceTree = "<group>"; };
		4AEB35701C73F172004F88E0 /* roulette.png */ = {isa = PBXFileReference; lastKnownFileType = image.png; name = roulette.png; path = resources/roulette.png; sourceTree = "<group>"; };
		4AEB35731C73FC57004F88E0 /* TextButton.h */ = {isa = PBXFileReference; lastKnownFileType = sourcecode.c.h; path = TextButton.h; sourceTree = "<group>"; };
		557D6D571C898C3600BEDE68 /* ChanceItem.h */ = {isa = PBXFileReference; lastKnownFileType = sourcecode.c.h; path = ChanceItem.h; sourceTree = "<group>"; };
		557D6D581C89913800BEDE68 /* chance_b.png */ = {isa = PBXFileReference; lastKnownFileType = image.png; name = chance_b.png; path = resources/chance_b.png; sourceTree = "<group>"; };
		557D6D591C89913800BEDE68 /* chance_fc.png */ = {isa = PBXFileReference; lastKnownFileType = image.png; name = chance_fc.png; path = resources/chance_fc.png; sourceTree = "<group>"; };
		557D6D5A1C89913800BEDE68 /* chance_goal.png */ = {isa = PBXFileReference; lastKnownFileType = image.png; name = chance_goal.png; path = resources/chance_goal.png; sourceTree = "<group>"; };
		557D6D5B1C89913800BEDE68 /* chance_r.png */ = {isa = PBXFileReference; lastKnownFileType = image.png; name = chance_r.png; path = resources/chance_r.png; sourceTree = "<group>"; };
		557D6D621C89B28400BEDE68 /* chance_arrow.png */ = {isa = PBXFileReference; lastKnownFileType = image.png; name = chance_arrow.png; path = resources/chance_arrow.png; sourceTree = "<group>"; };
		55CA3A841C70E36E00A494F1 /* Xadribol.app */ = {isa = PBXFileReference; explicitFileType = wrapper.application; includeInIndex = 0; path = Xadribol.app; sourceTree = BUILT_PRODUCTS_DIR; };
		55CA3A881C70E36E00A494F1 /* Xadribol-Info.plist */ = {isa = PBXFileReference; lastKnownFileType = text.plist.xml; path = "Xadribol-Info.plist"; sourceTree = "<group>"; };
		55CA3A891C70E36E00A494F1 /* ResourcePath.mm */ = {isa = PBXFileReference; lastKnownFileType = sourcecode.cpp.objcpp; path = ResourcePath.mm; sourceTree = "<group>"; };
		55CA3A8B1C70E36E00A494F1 /* ResourcePath.hpp */ = {isa = PBXFileReference; lastKnownFileType = sourcecode.cpp.h; path = ResourcePath.hpp; sourceTree = "<group>"; };
		55CA3A8C1C70E36E00A494F1 /* main.cpp */ = {isa = PBXFileReference; lastKnownFileType = sourcecode.cpp.cpp; path = main.cpp; sourceTree = "<group>"; };
		55CA3A9C1C71196900A494F1 /* ball.png */ = {isa = PBXFileReference; lastKnownFileType = image.png; name = ball.png; path = resources/ball.png; sourceTree = "<group>"; };
		55CA3A9D1C71196900A494F1 /* card_chutar_b.png */ = {isa = PBXFileReference; lastKnownFileType = image.png; name = card_chutar_b.png; path = resources/card_chutar_b.png; sourceTree = "<group>"; };
		55CA3A9E1C71196900A494F1 /* card_defender_r.png */ = {isa = PBXFileReference; lastKnownFileType = image.png; name = card_defender_r.png; path = resources/card_defender_r.png; sourceTree = "<group>"; };
		55CA3A9F1C71196900A494F1 /* card_driblar_b.png */ = {isa = PBXFileReference; lastKnownFileType = image.png; name = card_driblar_b.png; path = resources/card_driblar_b.png; sourceTree = "<group>"; };
		55CA3AA01C71196900A494F1 /* card_mover_b.png */ = {isa = PBXFileReference; lastKnownFileType = image.png; name = card_mover_b.png; path = resources/card_mover_b.png; sourceTree = "<group>"; };
		55CA3AA11C71196900A494F1 /* card_mover_r.png */ = {isa = PBXFileReference; lastKnownFileType = image.png; name = card_mover_r.png; path = resources/card_mover_r.png; sourceTree = "<group>"; };
		55CA3AA21C71196900A494F1 /* card_passar_r.png */ = {isa = PBXFileReference; lastKnownFileType = image.png; name = card_passar_r.png; path = resources/card_passar_r.png; sourceTree = "<group>"; };
		55CA3AA31C71196900A494F1 /* card_roubar_r.png */ = {isa = PBXFileReference; lastKnownFileType = image.png; name = card_roubar_r.png; path = resources/card_roubar_r.png; sourceTree = "<group>"; };
		55CA3AA41C71196900A494F1 /* card_tocar_b.png */ = {isa = PBXFileReference; lastKnownFileType = image.png; name = card_tocar_b.png; path = resources/card_tocar_b.png; sourceTree = "<group>"; };
		55CA3AA51C71196900A494F1 /* cursorhelper_invalid.png */ = {isa = PBXFileReference; lastKnownFileType = image.png; name = cursorhelper_invalid.png; path = resources/cursorhelper_invalid.png; sourceTree = "<group>"; };
		55CA3AA61C71196900A494F1 /* fieldcard_blank.png */ = {isa = PBXFileReference; lastKnownFileType = image.png; name = fieldcard_blank.png; path = resources/fieldcard_blank.png; sourceTree = "<group>"; };
		55CA3AA71C71196900A494F1 /* fieldcard_cc.png */ = {isa = PBXFileReference; lastKnownFileType = image.png; name = fieldcard_cc.png; path = resources/fieldcard_cc.png; sourceTree = "<group>"; };
		55CA3AA81C71196900A494F1 /* fieldcard_cd.png */ = {isa = PBXFileReference; lastKnownFileType = image.png; name = fieldcard_cd.png; path = resources/fieldcard_cd.png; sourceTree = "<group>"; };
		55CA3AA91C71196900A494F1 /* fieldcard_cu.png */ = {isa = PBXFileReference; lastKnownFileType = image.png; name = fieldcard_cu.png; path = resources/fieldcard_cu.png; sourceTree = "<group>"; };
		55CA3AAA1C71196900A494F1 /* fieldcard_d.png */ = {isa = PBXFileReference; lastKnownFileType = image.png; name = fieldcard_d.png; path = resources/fieldcard_d.png; sourceTree = "<group>"; };
		55CA3AAB1C71196900A494F1 /* fieldcard_lc.png */ = {isa = PBXFileReference; lastKnownFileType = image.png; name = fieldcard_lc.png; path = resources/fieldcard_lc.png; sourceTree = "<group>"; };
		55CA3AAC1C71196900A494F1 /* fieldcard_ld.png */ = {isa = PBXFileReference; lastKnownFileType = image.png; name = fieldcard_ld.png; path = resources/fieldcard_ld.png; sourceTree = "<group>"; };
		55CA3AAD1C71196900A494F1 /* fieldcard_lu.png */ = {isa = PBXFileReference; lastKnownFileType = image.png; name = fieldcard_lu.png; path = resources/fieldcard_lu.png; sourceTree = "<group>"; };
		55CA3AAE1C71196900A494F1 /* fieldcard_rc.png */ = {isa = PBXFileReference; lastKnownFileType = image.png; name = fieldcard_rc.png; path = resources/fieldcard_rc.png; sourceTree = "<group>"; };
		55CA3AAF1C71196900A494F1 /* fieldcard_rd.png */ = {isa = PBXFileReference; lastKnownFileType = image.png; name = fieldcard_rd.png; path = resources/fieldcard_rd.png; sourceTree = "<group>"; };
		55CA3AB01C71196900A494F1 /* fieldcard_ru.png */ = {isa = PBXFileReference; lastKnownFileType = image.png; name = fieldcard_ru.png; path = resources/fieldcard_ru.png; sourceTree = "<group>"; };
		55CA3AB11C71196900A494F1 /* fieldcard_u.png */ = {isa = PBXFileReference; lastKnownFileType = image.png; name = fieldcard_u.png; path = resources/fieldcard_u.png; sourceTree = "<group>"; };
		55CA3AB21C71196900A494F1 /* player_b.png */ = {isa = PBXFileReference; lastKnownFileType = image.png; name = player_b.png; path = resources/player_b.png; sourceTree = "<group>"; };
		55CA3AB31C71196900A494F1 /* player_r.png */ = {isa = PBXFileReference; lastKnownFileType = image.png; name = player_r.png; path = resources/player_r.png; sourceTree = "<group>"; };
		55CA3AB41C71196900A494F1 /* playerhalo_b.png */ = {isa = PBXFileReference; lastKnownFileType = image.png; name = playerhalo_b.png; path = resources/playerhalo_b.png; sourceTree = "<group>"; };
		55CA3AB51C71196900A494F1 /* playerhalo_r.png */ = {isa = PBXFileReference; lastKnownFileType = image.png; name = playerhalo_r.png; path = resources/playerhalo_r.png; sourceTree = "<group>"; };
		55CA3AD01C711D6300A494F1 /* Game.cpp */ = {isa = PBXFileReference; fileEncoding = 4; lastKnownFileType = sourcecode.cpp.cpp; path = Game.cpp; sourceTree = "<group>"; };
		55CA3AD11C711D6300A494F1 /* Game.h */ = {isa = PBXFileReference; fileEncoding = 4; lastKnownFileType = sourcecode.c.h; path = Game.h; sourceTree = "<group>"; };
		55CA3AD31C71200900A494F1 /* GameState.h */ = {isa = PBXFileReference; fileEncoding = 4; lastKnownFileType = sourcecode.c.h; path = GameState.h; sourceTree = "<group>"; };
		55CA3AD41C71205C00A494F1 /* TextureManager.cpp */ = {isa = PBXFileReference; fileEncoding = 4; lastKnownFileType = sourcecode.cpp.cpp; path = TextureManager.cpp; sourceTree = "<group>"; };
		55CA3AD51C71205C00A494F1 /* TextureManager.h */ = {isa = PBXFileReference; fileEncoding = 4; lastKnownFileType = sourcecode.c.h; path = TextureManager.h; sourceTree = "<group>"; };
		55CA3AD71C712C9600A494F1 /* PlayingState.cpp */ = {isa = PBXFileReference; fileEncoding = 4; lastKnownFileType = sourcecode.cpp.cpp; path = PlayingState.cpp; sourceTree = "<group>"; };
		55CA3AD81C712C9600A494F1 /* PlayingState.h */ = {isa = PBXFileReference; fileEncoding = 4; lastKnownFileType = sourcecode.c.h; path = PlayingState.h; sourceTree = "<group>"; };
		55CA3ADA1C71431F00A494F1 /* Animation.h */ = {isa = PBXFileReference; lastKnownFileType = sourcecode.c.h; path = Animation.h; sourceTree = "<group>"; };
		55CA3ADB1C714B1500A494F1 /* inconsolata.otf */ = {isa = PBXFileReference; lastKnownFileType = file; name = inconsolata.otf; path = resources/inconsolata.otf; sourceTree = "<group>"; };
		55CA3ADD1C714D8200A494F1 /* Player.h */ = {isa = PBXFileReference; lastKnownFileType = sourcecode.c.h; path = Player.h; sourceTree = "<group>"; };
		55CA3ADE1C714D9300A494F1 /* FieldCard.h */ = {isa = PBXFileReference; lastKnownFileType = sourcecode.c.h; path = FieldCard.h; sourceTree = "<group>"; };
		55CA3ADF1C714DA600A494F1 /* ActionCard.h */ = {isa = PBXFileReference; lastKnownFileType = sourcecode.c.h; path = ActionCard.h; sourceTree = "<group>"; };
/* End PBXFileReference section */

/* Begin PBXFrameworksBuildPhase section */
		55CA3A801C70E36E00A494F1 /* Frameworks */ = {
			isa = PBXFrameworksBuildPhase;
			buildActionMask = 2147483647;
			files = (
			);
			runOnlyForDeploymentPostprocessing = 0;
		};
/* End PBXFrameworksBuildPhase section */

/* Begin PBXGroup section */
		55CA3A7A1C70E36E00A494F1 = {
			isa = PBXGroup;
			children = (
				55CA3A861C70E36E00A494F1 /* Xadribol */,
				55CA3A851C70E36E00A494F1 /* Products */,
			);
			sourceTree = "<group>";
		};
		55CA3A851C70E36E00A494F1 /* Products */ = {
			isa = PBXGroup;
			children = (
				55CA3A841C70E36E00A494F1 /* Xadribol.app */,
			);
			name = Products;
			sourceTree = "<group>";
		};
		55CA3A861C70E36E00A494F1 /* Xadribol */ = {
			isa = PBXGroup;
			children = (
				55CA3ADA1C71431F00A494F1 /* Animation.h */,
				55CA3A891C70E36E00A494F1 /* ResourcePath.mm */,
				55CA3A8B1C70E36E00A494F1 /* ResourcePath.hpp */,
				55CA3A8C1C70E36E00A494F1 /* main.cpp */,
				55CA3AD01C711D6300A494F1 /* Game.cpp */,
				55CA3AD11C711D6300A494F1 /* Game.h */,
				55CA3AD31C71200900A494F1 /* GameState.h */,
				55CA3AD41C71205C00A494F1 /* TextureManager.cpp */,
				55CA3AD51C71205C00A494F1 /* TextureManager.h */,
				55CA3AD71C712C9600A494F1 /* PlayingState.cpp */,
				55CA3AD81C712C9600A494F1 /* PlayingState.h */,
				55CA3ADD1C714D8200A494F1 /* Player.h */,
				55CA3ADE1C714D9300A494F1 /* FieldCard.h */,
				55CA3ADF1C714DA600A494F1 /* ActionCard.h */,
				4AEB35731C73FC57004F88E0 /* TextButton.h */,
				557D6D571C898C3600BEDE68 /* ChanceItem.h */,
				55CA3A8E1C70E36E00A494F1 /* Resources */,
				55CA3A871C70E36E00A494F1 /* Supporting Files */,
			);
			path = Xadribol;
			sourceTree = "<group>";
		};
		55CA3A871C70E36E00A494F1 /* Supporting Files */ = {
			isa = PBXGroup;
			children = (
				55CA3A881C70E36E00A494F1 /* Xadribol-Info.plist */,
			);
			name = "Supporting Files";
			sourceTree = "<group>";
		};
		55CA3A8E1C70E36E00A494F1 /* Resources */ = {
			isa = PBXGroup;
			children = (
				557D6D621C89B28400BEDE68 /* chance_arrow.png */,
				557D6D581C89913800BEDE68 /* chance_b.png */,
				557D6D591C89913800BEDE68 /* chance_fc.png */,
				557D6D5A1C89913800BEDE68 /* chance_goal.png */,
				557D6D5B1C89913800BEDE68 /* chance_r.png */,
				4AEB356F1C73F172004F88E0 /* needle.png */,
				4AEB35701C73F172004F88E0 /* roulette.png */,
				55CA3ADB1C714B1500A494F1 /* inconsolata.otf */,
				55CA3A9C1C71196900A494F1 /* ball.png */,
				55CA3A9D1C71196900A494F1 /* card_chutar_b.png */,
				55CA3A9E1C71196900A494F1 /* card_defender_r.png */,
				55CA3A9F1C71196900A494F1 /* card_driblar_b.png */,
				55CA3AA01C71196900A494F1 /* card_mover_b.png */,
				55CA3AA11C71196900A494F1 /* card_mover_r.png */,
				55CA3AA21C71196900A494F1 /* card_passar_r.png */,
				55CA3AA31C71196900A494F1 /* card_roubar_r.png */,
				55CA3AA41C71196900A494F1 /* card_tocar_b.png */,
				55CA3AA51C71196900A494F1 /* cursorhelper_invalid.png */,
				55CA3AA61C71196900A494F1 /* fieldcard_blank.png */,
				55CA3AA71C71196900A494F1 /* fieldcard_cc.png */,
				55CA3AA81C71196900A494F1 /* fieldcard_cd.png */,
				55CA3AA91C71196900A494F1 /* fieldcard_cu.png */,
				55CA3AAA1C71196900A494F1 /* fieldcard_d.png */,
				55CA3AAB1C71196900A494F1 /* fieldcard_lc.png */,
				55CA3AAC1C71196900A494F1 /* fieldcard_ld.png */,
				55CA3AAD1C71196900A494F1 /* fieldcard_lu.png */,
				55CA3AAE1C71196900A494F1 /* fieldcard_rc.png */,
				55CA3AAF1C71196900A494F1 /* fieldcard_rd.png */,
				55CA3AB01C71196900A494F1 /* fieldcard_ru.png */,
				55CA3AB11C71196900A494F1 /* fieldcard_u.png */,
				55CA3AB21C71196900A494F1 /* player_b.png */,
				55CA3AB31C71196900A494F1 /* player_r.png */,
				55CA3AB41C71196900A494F1 /* playerhalo_b.png */,
				55CA3AB51C71196900A494F1 /* playerhalo_r.png */,
			);
			name = Resources;
			sourceTree = "<group>";
		};
/* End PBXGroup section */

/* Begin PBXNativeTarget section */
		55CA3A831C70E36E00A494F1 /* Xadribol */ = {
			isa = PBXNativeTarget;
			buildConfigurationList = 55CA3A991C70E36E00A494F1 /* Build configuration list for PBXNativeTarget "Xadribol" */;
			buildPhases = (
				55CA3A7F1C70E36E00A494F1 /* Sources */,
				55CA3A801C70E36E00A494F1 /* Frameworks */,
				55CA3A811C70E36E00A494F1 /* Resources */,
				55CA3A821C70E36E00A494F1 /* ShellScript */,
			);
			buildRules = (
			);
			dependencies = (
			);
			name = Xadribol;
			productName = Xadribol;
			productReference = 55CA3A841C70E36E00A494F1 /* Xadribol.app */;
			productType = "com.apple.product-type.application";
		};
/* End PBXNativeTarget section */

/* Begin PBXProject section */
		55CA3A7B1C70E36E00A494F1 /* Project object */ = {
			isa = PBXProject;
			attributes = {
				LastUpgradeCheck = 0620;
				ORGANIZATIONNAME = Felipe;
				TargetAttributes = {
					55CA3A831C70E36E00A494F1 = {
						CreatedOnToolsVersion = 6.2;
					};
				};
			};
			buildConfigurationList = 55CA3A7E1C70E36E00A494F1 /* Build configuration list for PBXProject "Xadribol" */;
			compatibilityVersion = "Xcode 3.2";
			developmentRegion = English;
			hasScannedForEncodings = 0;
			knownRegions = (
				en,
			);
			mainGroup = 55CA3A7A1C70E36E00A494F1;
			productRefGroup = 55CA3A851C70E36E00A494F1 /* Products */;
			projectDirPath = "";
			projectRoot = "";
			targets = (
				55CA3A831C70E36E00A494F1 /* Xadribol */,
			);
		};
/* End PBXProject section */

/* Begin PBXResourcesBuildPhase section */
		55CA3A811C70E36E00A494F1 /* Resources */ = {
			isa = PBXResourcesBuildPhase;
			buildActionMask = 2147483647;
			files = (
				55CA3AC81C71196900A494F1 /* fieldcard_rc.png in Resources */,
				55CA3AC31C71196900A494F1 /* fieldcard_cu.png in Resources */,
				557D6D5D1C89913800BEDE68 /* chance_fc.png in Resources */,
				557D6D5C1C89913800BEDE68 /* chance_b.png in Resources */,
				55CA3AC71C71196900A494F1 /* fieldcard_lu.png in Resources */,
				55CA3ABC1C71196900A494F1 /* card_passar_r.png in Resources */,
				557D6D5E1C89913800BEDE68 /* chance_goal.png in Resources */,
				55CA3ABE1C71196900A494F1 /* card_tocar_b.png in Resources */,
				55CA3ACD1C71196900A494F1 /* player_r.png in Resources */,
				55CA3ABD1C71196900A494F1 /* card_roubar_r.png in Resources */,
				55CA3AB81C71196900A494F1 /* card_defender_r.png in Resources */,
				55CA3ACC1C71196900A494F1 /* player_b.png in Resources */,
				55CA3ACE1C71196900A494F1 /* playerhalo_b.png in Resources */,
				557D6D631C89B28400BEDE68 /* chance_arrow.png in Resources */,
				55CA3AB61C71196900A494F1 /* ball.png in Resources */,
				4AEB35721C73F172004F88E0 /* roulette.png in Resources */,
				55CA3AC61C71196900A494F1 /* fieldcard_ld.png in Resources */,
				55CA3ADC1C714B1500A494F1 /* inconsolata.otf in Resources */,
				55CA3AC01C71196900A494F1 /* fieldcard_blank.png in Resources */,
				55CA3ABF1C71196900A494F1 /* cursorhelper_invalid.png in Resources */,
				55CA3ABB1C71196900A494F1 /* card_mover_r.png in Resources */,
				55CA3AB71C71196900A494F1 /* card_chutar_b.png in Resources */,
				55CA3AB91C71196900A494F1 /* card_driblar_b.png in Resources */,
				55CA3AC91C71196900A494F1 /* fieldcard_rd.png in Resources */,
				55CA3AC21C71196900A494F1 /* fieldcard_cd.png in Resources */,
				55CA3ACF1C71196900A494F1 /* playerhalo_r.png in Resources */,
				55CA3ACB1C71196900A494F1 /* fieldcard_u.png in Resources */,
				4AEB35711C73F172004F88E0 /* needle.png in Resources */,
				55CA3AC11C71196900A494F1 /* fieldcard_cc.png in Resources */,
				55CA3ABA1C71196900A494F1 /* card_mover_b.png in Resources */,
				55CA3AC41C71196900A494F1 /* fieldcard_d.png in Resources */,
				55CA3ACA1C71196900A494F1 /* fieldcard_ru.png in Resources */,
				55CA3AC51C71196900A494F1 /* fieldcard_lc.png in Resources */,
				557D6D5F1C89913800BEDE68 /* chance_r.png in Resources */,
			);
			runOnlyForDeploymentPostprocessing = 0;
		};
/* End PBXResourcesBuildPhase section */

/* Begin PBXShellScriptBuildPhase section */
		55CA3A821C70E36E00A494F1 /* ShellScript */ = {
			isa = PBXShellScriptBuildPhase;
			buildActionMask = 2147483647;
			files = (
			);
			inputPaths = (
			);
			outputPaths = (
			);
			runOnlyForDeploymentPostprocessing = 0;
			shellPath = /bin/sh;
			shellScript = "# This shell script simply copies required SFML dylibs/frameworks into the application bundle frameworks folder.\n# If you're using static libraries (which is not recommended) you should remove this script from your project.\n\n# SETTINGS\nCMAKE_INSTALL_FRAMEWORK_PREFIX=\"/Library/Frameworks\"\nCMAKE_INSTALL_LIB_PREFIX=\"/usr/local/lib\"\nFRAMEWORKS_FULL_PATH=\"$BUILT_PRODUCTS_DIR/$FRAMEWORKS_FOLDER_PATH/\"\n\n# Are we building a project that uses frameworks or dylibs?\ncase \"$SFML_BINARY_TYPE\" in\n    DYLIBS)\n        frameworks=\"false\"\n        ;;\n    *)\n        frameworks=\"true\"\n        ;;\nesac\n\n# Echoes to stderr\nerror () # $* message to display\n{\n    echo $* 1>&2\n    exit 2\n}\n\nassert () # $1 is a boolean, $2...N is an error message\n{\n    if [ $# -lt 2 ]\n    then\n        error \"Internal error in assert: not enough args\"\n    fi\n\n    if [ $1 -ne 0 ]\n    then\n        shift\n        error \"$*\"\n    fi\n}\n\nforce_remove () # $@ is some paths\n{\n    test $# -ge 1\n    assert $? \"force_remove() requires at least one parameter\"\n    rm -fr $@\n    assert $? \"couldn't remove $@\"\n}\n\ncopy () # $1 is a source, $2 is a destination\n{\n    test $# -eq 2\n    assert $? \"copy() requires two parameters\"\n    ditto \"$1\" \"$2\"\n    assert $? \"couldn't copy $1 to $2\"\n}\n\nrequire () # $1 is a SFML module like 'system' or 'audio'\n{\n    dest=\"$BUILT_PRODUCTS_DIR/$FRAMEWORKS_FOLDER_PATH/\"\n\n    if [ -z \"$1\" ]\n    then\n        error \"require() requires one parameter!\"\n    else\n        # clean potentially old stuff\n        force_remove \"$dest/libsfml-$1\"*\n        force_remove \"$dest/sfml-$1.framework\"\n\n        # copy SFML libraries\n        if [ \"$frameworks\" = \"true\" ]\n        then\n            source=\"$CMAKE_INSTALL_FRAMEWORK_PREFIX/sfml-$1.framework\"\n            target=\"sfml-$1.framework\"\n        elif [ \"$SFML_LINK_DYLIBS_SUFFIX\" = \"-d\" ]\n        then\n            source=\"$CMAKE_INSTALL_LIB_PREFIX/libsfml-$1-d.dylib\"\n            target=\"`readlink $source`\"\n        else\n            source=\"$CMAKE_INSTALL_LIB_PREFIX/libsfml-$1.dylib\"\n            target=\"`readlink $source`\"\n        fi\n\n        copy \"$source\" \"$dest/$target\"\n\n        # copy extra dependencies\n        if [ \"$1\" = \"audio\" ]\n        then\n            # copy \"FLAC\" \"ogg\" \"vorbis\" \"vorbisenc\" \"vorbisfile\" \"OpenAL\" frameworks too\n            for f in \"FLAC\" \"ogg\" \"vorbis\" \"vorbisenc\" \"vorbisfile\" \"OpenAL\"\n            do\n                copy \"$CMAKE_INSTALL_FRAMEWORK_PREFIX/$f.framework\" \"$dest/$f.framework\"\n            done\n        elif [ \"$1\" = \"graphics\" ]\n        then\n            copy \"$CMAKE_INSTALL_FRAMEWORK_PREFIX/freetype.framework\" \"$dest/freetype.framework\"\n        fi\n    fi\n}\n\nif [ -n \"$SFML_SYSTEM\" ]\nthen\n    require \"system\"\nfi\n\nif [ -n \"$SFML_AUDIO\" ]\nthen\n    require \"audio\"\nfi\n\nif [ -n \"$SFML_NETWORK\" ]\nthen\n    require \"network\"\nfi\n\nif [ -n \"$SFML_WINDOW\" ]\nthen\n    require \"window\"\nfi\n\nif [ -n \"$SFML_GRAPHICS\" ]\nthen\n    require \"graphics\"\nfi\n\n                ";
		};
/* End PBXShellScriptBuildPhase section */

/* Begin PBXSourcesBuildPhase section */
		55CA3A7F1C70E36E00A494F1 /* Sources */ = {
			isa = PBXSourcesBuildPhase;
			buildActionMask = 2147483647;
			files = (
				55CA3AD21C711D6300A494F1 /* Game.cpp in Sources */,
				55CA3AD91C712C9600A494F1 /* PlayingState.cpp in Sources */,
				55CA3A8D1C70E36E00A494F1 /* main.cpp in Sources */,
				55CA3A8A1C70E36E00A494F1 /* ResourcePath.mm in Sources */,
				55CA3AD61C71205C00A494F1 /* TextureManager.cpp in Sources */,
			);
			runOnlyForDeploymentPostprocessing = 0;
		};
/* End PBXSourcesBuildPhase section */

/* Begin XCBuildConfiguration section */
		55CA3A971C70E36E00A494F1 /* Debug */ = {
			isa = XCBuildConfiguration;
			buildSettings = {
				ARCHS = (
					i386,
					x86_64,
				);
				CLANG_CXX_LANGUAGE_STANDARD = "c++0x";
				CLANG_CXX_LIBRARY = "libc++";
				FRAMEWORK_SEARCH_PATHS = (
					/Library/Frameworks/,
					"$(inherited)",
				);
				GCC_VERSION = com.apple.compilers.llvm.clang.1_0;
				HEADER_SEARCH_PATHS = (
					/usr/local/include/,
					"$(inherited)",
				);
				LIBRARY_SEARCH_PATHS = (
					/usr/local/lib/,
					"$(inherited)",
				);
				MACOSX_DEPLOYMENT_TARGET = 10.7;
				OTHER_LDFLAGS = (
					"$(inherited)",
					"$(SFML_SYSTEM)",
					"$(SFML_WINDOW)",
					"$(SFML_GRAPHICS)",
					"$(SFML_AUDIO)",
					"$(SFML_NETWORK)",
				);
				SFML_AUDIO = "$(SFML_LINK_PREFIX) sfml-audio$(SFML_LINK_SUFFIX)";
				SFML_BINARY_TYPE = FRAMEWORKS;
				SFML_GRAPHICS = "$(SFML_LINK_PREFIX) sfml-graphics$(SFML_LINK_SUFFIX)";
				SFML_LINK_DYLIBS_PREFIX = "-l";
				SFML_LINK_DYLIBS_SUFFIX = "";
				SFML_LINK_FRAMEWORKS_PREFIX = "-framework";
				SFML_LINK_FRAMEWORKS_SUFFIX = "";
				SFML_LINK_PREFIX = "$(SFML_LINK_$(SFML_BINARY_TYPE)_PREFIX)";
				SFML_LINK_SUFFIX = "$(SFML_LINK_$(SFML_BINARY_TYPE)_SUFFIX)";
				SFML_NETWORK = "$(SFML_LINK_PREFIX) sfml-network$(SFML_LINK_SUFFIX)";
				SFML_SYSTEM = "$(SFML_LINK_PREFIX) sfml-system$(SFML_LINK_SUFFIX)";
				SFML_WINDOW = "$(SFML_LINK_PREFIX) sfml-window$(SFML_LINK_SUFFIX)";
				SUPPORTED_PLATFORMS = macosx;
			};
			name = Debug;
		};
		55CA3A981C70E36E00A494F1 /* Release */ = {
			isa = XCBuildConfiguration;
			buildSettings = {
				ARCHS = (
					i386,
					x86_64,
				);
				CLANG_CXX_LANGUAGE_STANDARD = "c++0x";
				CLANG_CXX_LIBRARY = "libc++";
				FRAMEWORK_SEARCH_PATHS = (
					/Library/Frameworks/,
					"$(inherited)",
				);
				GCC_VERSION = com.apple.compilers.llvm.clang.1_0;
				HEADER_SEARCH_PATHS = (
					/usr/local/include/,
					"$(inherited)",
				);
				LIBRARY_SEARCH_PATHS = (
					/usr/local/lib/,
					"$(inherited)",
				);
				MACOSX_DEPLOYMENT_TARGET = 10.7;
				OTHER_LDFLAGS = (
					"$(inherited)",
					"$(SFML_SYSTEM)",
					"$(SFML_WINDOW)",
					"$(SFML_GRAPHICS)",
					"$(SFML_AUDIO)",
					"$(SFML_NETWORK)",
				);
				SFML_AUDIO = "$(SFML_LINK_PREFIX) sfml-audio$(SFML_LINK_SUFFIX)";
				SFML_BINARY_TYPE = FRAMEWORKS;
				SFML_GRAPHICS = "$(SFML_LINK_PREFIX) sfml-graphics$(SFML_LINK_SUFFIX)";
				SFML_LINK_DYLIBS_PREFIX = "-l";
				SFML_LINK_DYLIBS_SUFFIX = "";
				SFML_LINK_FRAMEWORKS_PREFIX = "-framework";
				SFML_LINK_FRAMEWORKS_SUFFIX = "";
				SFML_LINK_PREFIX = "$(SFML_LINK_$(SFML_BINARY_TYPE)_PREFIX)";
				SFML_LINK_SUFFIX = "$(SFML_LINK_$(SFML_BINARY_TYPE)_SUFFIX)";
				SFML_NETWORK = "$(SFML_LINK_PREFIX) sfml-network$(SFML_LINK_SUFFIX)";
				SFML_SYSTEM = "$(SFML_LINK_PREFIX) sfml-system$(SFML_LINK_SUFFIX)";
				SFML_WINDOW = "$(SFML_LINK_PREFIX) sfml-window$(SFML_LINK_SUFFIX)";
				SUPPORTED_PLATFORMS = macosx;
			};
			name = Release;
		};
		55CA3A9A1C70E36E00A494F1 /* Debug */ = {
			isa = XCBuildConfiguration;
			buildSettings = {
				INFOPLIST_FILE = "Xadribol/Xadribol-Info.plist";
				LD_RUNPATH_SEARCH_PATHS = "@loader_path/../Frameworks";
				PRODUCT_NAME = "$(TARGET_NAME)";
			};
			name = Debug;
		};
		55CA3A9B1C70E36E00A494F1 /* Release */ = {
			isa = XCBuildConfiguration;
			buildSettings = {
				INFOPLIST_FILE = "Xadribol/Xadribol-Info.plist";
				LD_RUNPATH_SEARCH_PATHS = "@loader_path/../Frameworks";
				PRODUCT_NAME = "$(TARGET_NAME)";
			};
			name = Release;
		};
/* End XCBuildConfiguration section */

/* Begin XCConfigurationList section */
		55CA3A7E1C70E36E00A494F1 /* Build configuration list for PBXProject "Xadribol" */ = {
			isa = XCConfigurationList;
			buildConfigurations = (
				55CA3A971C70E36E00A494F1 /* Debug */,
				55CA3A981C70E36E00A494F1 /* Release */,
			);
			defaultConfigurationIsVisible = 0;
			defaultConfigurationName = Release;
		};
		55CA3A991C70E36E00A494F1 /* Build configuration list for PBXNativeTarget "Xadribol" */ = {
			isa = XCConfigurationList;
			buildConfigurations = (
				55CA3A9A1C70E36E00A494F1 /* Debug */,
				55CA3A9B1C70E36E00A494F1 /* Release */,
			);
			defaultConfigurationIsVisible = 0;
			defaultConfigurationName = Release;
		};
/* End XCConfigurationList section */
	};
	rootObject = 55CA3A7B1C70E36E00A494F1 /* Project object */;
}
